// !$*UTF8*$!
{
	archiveVersion = 1;
	classes = {
	};
	objectVersion = 50;
	objects = {

/* Begin PBXBuildFile section */
		9609633124DDD8A8004B2CDF /* Picker-Selector.swift in Sources */ = {isa = PBXBuildFile; fileRef = 9609633024DDD8A8004B2CDF /* Picker-Selector.swift */; };
		9609633324DE625C004B2CDF /* ColorBackground-Gradients.swift in Sources */ = {isa = PBXBuildFile; fileRef = 9609633224DE625C004B2CDF /* ColorBackground-Gradients.swift */; };
		9609633524DE6904004B2CDF /* Custom-Button.swift in Sources */ = {isa = PBXBuildFile; fileRef = 9609633424DE6904004B2CDF /* Custom-Button.swift */; };
		9609633724DE6AB9004B2CDF /* Show-Alert.swift in Sources */ = {isa = PBXBuildFile; fileRef = 9609633624DE6AB9004B2CDF /* Show-Alert.swift */; };
		9609633924DE700A004B2CDF /* Images-Layout.swift in Sources */ = {isa = PBXBuildFile; fileRef = 9609633824DE700A004B2CDF /* Images-Layout.swift */; };
		9609633B24DEC89A004B2CDF /* SearchTextField.swift in Sources */ = {isa = PBXBuildFile; fileRef = 9609633A24DEC89A004B2CDF /* SearchTextField.swift */; };
		9699BA3E24DD157000671DE5 /* AppDelegate.swift in Sources */ = {isa = PBXBuildFile; fileRef = 9699BA3D24DD157000671DE5 /* AppDelegate.swift */; };
		9699BA4024DD157000671DE5 /* SceneDelegate.swift in Sources */ = {isa = PBXBuildFile; fileRef = 9699BA3F24DD157000671DE5 /* SceneDelegate.swift */; };
		9699BA4224DD157000671DE5 /* ContentView.swift in Sources */ = {isa = PBXBuildFile; fileRef = 9699BA4124DD157000671DE5 /* ContentView.swift */; };
		9699BA4424DD157500671DE5 /* Assets.xcassets in Resources */ = {isa = PBXBuildFile; fileRef = 9699BA4324DD157500671DE5 /* Assets.xcassets */; };
		9699BA4724DD157500671DE5 /* Preview Assets.xcassets in Resources */ = {isa = PBXBuildFile; fileRef = 9699BA4624DD157500671DE5 /* Preview Assets.xcassets */; };
		9699BA4A24DD157500671DE5 /* LaunchScreen.storyboard in Resources */ = {isa = PBXBuildFile; fileRef = 9699BA4824DD157500671DE5 /* LaunchScreen.storyboard */; };
		9699BA5524DD15EB00671DE5 /* Form-Sections.swift in Sources */ = {isa = PBXBuildFile; fileRef = 9699BA5424DD15EB00671DE5 /* Form-Sections.swift */; };
		9699BA5724DD184900671DE5 /* Use-State.swift in Sources */ = {isa = PBXBuildFile; fileRef = 9699BA5624DD184900671DE5 /* Use-State.swift */; };
		9699BA5924DD1B3500671DE5 /* ForEach-Loop.swift in Sources */ = {isa = PBXBuildFile; fileRef = 9699BA5824DD1B3500671DE5 /* ForEach-Loop.swift */; };
		9699BA5B24DD1D1F00671DE5 /* Tip-App.swift in Sources */ = {isa = PBXBuildFile; fileRef = 9699BA5A24DD1D1F00671DE5 /* Tip-App.swift */; };
		96BB79F124E3A0970061F60E /* CustomModifiers.swift in Sources */ = {isa = PBXBuildFile; fileRef = 96BB79F024E3A0970061F60E /* CustomModifiers.swift */; };
		96BB79F324E3A4A30061F60E /* Grid-Stack.swift in Sources */ = {isa = PBXBuildFile; fileRef = 96BB79F224E3A4A30061F60E /* Grid-Stack.swift */; };
		96C06A9224E52DB6003C131D /* StepperInAction.swift in Sources */ = {isa = PBXBuildFile; fileRef = 96C06A9124E52DB5003C131D /* StepperInAction.swift */; };
		96C06A9424E53047003C131D /* DatePickerInAction.swift in Sources */ = {isa = PBXBuildFile; fileRef = 96C06A9324E53047003C131D /* DatePickerInAction.swift */; };
		96C06A9624E64998003C131D /* CustomAppBar.swift in Sources */ = {isa = PBXBuildFile; fileRef = 96C06A9524E64998003C131D /* CustomAppBar.swift */; };
		96F80A5724E0FD640019539A /* Background-Colour.swift in Sources */ = {isa = PBXBuildFile; fileRef = 96F80A5624E0FD640019539A /* Background-Colour.swift */; };
		96F80A5924E1054D0019539A /* Show-Map.swift in Sources */ = {isa = PBXBuildFile; fileRef = 96F80A5824E1054D0019539A /* Show-Map.swift */; };
		96F80A5B24E108C60019539A /* TabView-MultiplePages.swift in Sources */ = {isa = PBXBuildFile; fileRef = 96F80A5A24E108C60019539A /* TabView-MultiplePages.swift */; };
		96F80A5F24E110770019539A /* NameList.swift in Sources */ = {isa = PBXBuildFile; fileRef = 96F80A5E24E110770019539A /* NameList.swift */; };
		96F80A6224E123CF0019539A /* NameListHistory.swift in Sources */ = {isa = PBXBuildFile; fileRef = 96F80A6124E123CF0019539A /* NameListHistory.swift */; };
/* End PBXBuildFile section */

/* Begin PBXFileReference section */
		9609633024DDD8A8004B2CDF /* Picker-Selector.swift */ = {isa = PBXFileReference; lastKnownFileType = sourcecode.swift; path = "Picker-Selector.swift"; sourceTree = "<group>"; };
		9609633224DE625C004B2CDF /* ColorBackground-Gradients.swift */ = {isa = PBXFileReference; lastKnownFileType = sourcecode.swift; path = "ColorBackground-Gradients.swift"; sourceTree = "<group>"; };
		9609633424DE6904004B2CDF /* Custom-Button.swift */ = {isa = PBXFileReference; lastKnownFileType = sourcecode.swift; path = "Custom-Button.swift"; sourceTree = "<group>"; };
		9609633624DE6AB9004B2CDF /* Show-Alert.swift */ = {isa = PBXFileReference; lastKnownFileType = sourcecode.swift; path = "Show-Alert.swift"; sourceTree = "<group>"; };
		9609633824DE700A004B2CDF /* Images-Layout.swift */ = {isa = PBXFileReference; lastKnownFileType = sourcecode.swift; path = "Images-Layout.swift"; sourceTree = "<group>"; };
		9609633A24DEC89A004B2CDF /* SearchTextField.swift */ = {isa = PBXFileReference; lastKnownFileType = sourcecode.swift; path = SearchTextField.swift; sourceTree = "<group>"; };
		9699BA3A24DD157000671DE5 /* LessonApp.app */ = {isa = PBXFileReference; explicitFileType = wrapper.application; includeInIndex = 0; path = LessonApp.app; sourceTree = BUILT_PRODUCTS_DIR; };
		9699BA3D24DD157000671DE5 /* AppDelegate.swift */ = {isa = PBXFileReference; lastKnownFileType = sourcecode.swift; path = AppDelegate.swift; sourceTree = "<group>"; };
		9699BA3F24DD157000671DE5 /* SceneDelegate.swift */ = {isa = PBXFileReference; lastKnownFileType = sourcecode.swift; path = SceneDelegate.swift; sourceTree = "<group>"; };
		9699BA4124DD157000671DE5 /* ContentView.swift */ = {isa = PBXFileReference; lastKnownFileType = sourcecode.swift; path = ContentView.swift; sourceTree = "<group>"; };
		9699BA4324DD157500671DE5 /* Assets.xcassets */ = {isa = PBXFileReference; lastKnownFileType = folder.assetcatalog; path = Assets.xcassets; sourceTree = "<group>"; };
		9699BA4624DD157500671DE5 /* Preview Assets.xcassets */ = {isa = PBXFileReference; lastKnownFileType = folder.assetcatalog; path = "Preview Assets.xcassets"; sourceTree = "<group>"; };
		9699BA4924DD157500671DE5 /* Base */ = {isa = PBXFileReference; lastKnownFileType = file.storyboard; name = Base; path = Base.lproj/LaunchScreen.storyboard; sourceTree = "<group>"; };
		9699BA4B24DD157500671DE5 /* Info.plist */ = {isa = PBXFileReference; lastKnownFileType = text.plist.xml; path = Info.plist; sourceTree = "<group>"; };
		9699BA5424DD15EB00671DE5 /* Form-Sections.swift */ = {isa = PBXFileReference; lastKnownFileType = sourcecode.swift; path = "Form-Sections.swift"; sourceTree = "<group>"; };
		9699BA5624DD184900671DE5 /* Use-State.swift */ = {isa = PBXFileReference; lastKnownFileType = sourcecode.swift; path = "Use-State.swift"; sourceTree = "<group>"; };
		9699BA5824DD1B3500671DE5 /* ForEach-Loop.swift */ = {isa = PBXFileReference; lastKnownFileType = sourcecode.swift; path = "ForEach-Loop.swift"; sourceTree = "<group>"; };
		9699BA5A24DD1D1F00671DE5 /* Tip-App.swift */ = {isa = PBXFileReference; lastKnownFileType = sourcecode.swift; path = "Tip-App.swift"; sourceTree = "<group>"; };
		96BB79F024E3A0970061F60E /* CustomModifiers.swift */ = {isa = PBXFileReference; lastKnownFileType = sourcecode.swift; path = CustomModifiers.swift; sourceTree = "<group>"; };
		96BB79F224E3A4A30061F60E /* Grid-Stack.swift */ = {isa = PBXFileReference; lastKnownFileType = sourcecode.swift; path = "Grid-Stack.swift"; sourceTree = "<group>"; };
		96C06A9124E52DB5003C131D /* StepperInAction.swift */ = {isa = PBXFileReference; lastKnownFileType = sourcecode.swift; path = StepperInAction.swift; sourceTree = "<group>"; };
		96C06A9324E53047003C131D /* DatePickerInAction.swift */ = {isa = PBXFileReference; lastKnownFileType = sourcecode.swift; path = DatePickerInAction.swift; sourceTree = "<group>"; };
		96C06A9524E64998003C131D /* CustomAppBar.swift */ = {isa = PBXFileReference; lastKnownFileType = sourcecode.swift; path = CustomAppBar.swift; sourceTree = "<group>"; };
		96F80A5624E0FD640019539A /* Background-Colour.swift */ = {isa = PBXFileReference; lastKnownFileType = sourcecode.swift; path = "Background-Colour.swift"; sourceTree = "<group>"; };
		96F80A5824E1054D0019539A /* Show-Map.swift */ = {isa = PBXFileReference; lastKnownFileType = sourcecode.swift; path = "Show-Map.swift"; sourceTree = "<group>"; };
		96F80A5A24E108C60019539A /* TabView-MultiplePages.swift */ = {isa = PBXFileReference; lastKnownFileType = sourcecode.swift; path = "TabView-MultiplePages.swift"; sourceTree = "<group>"; };
		96F80A5E24E110770019539A /* NameList.swift */ = {isa = PBXFileReference; lastKnownFileType = sourcecode.swift; path = NameList.swift; sourceTree = "<group>"; };
		96F80A6124E123CF0019539A /* NameListHistory.swift */ = {isa = PBXFileReference; lastKnownFileType = sourcecode.swift; path = NameListHistory.swift; sourceTree = "<group>"; };
/* End PBXFileReference section */

/* Begin PBXFrameworksBuildPhase section */
		9699BA3724DD157000671DE5 /* Frameworks */ = {
			isa = PBXFrameworksBuildPhase;
			buildActionMask = 2147483647;
			files = (
			);
			runOnlyForDeploymentPostprocessing = 0;
		};
/* End PBXFrameworksBuildPhase section */

/* Begin PBXGroup section */
		9699BA3124DD157000671DE5 = {
			isa = PBXGroup;
			children = (
				9699BA3C24DD157000671DE5 /* LessonApp */,
				9699BA3B24DD157000671DE5 /* Products */,
			);
			sourceTree = "<group>";
		};
		9699BA3B24DD157000671DE5 /* Products */ = {
			isa = PBXGroup;
			children = (
				9699BA3A24DD157000671DE5 /* LessonApp.app */,
			);
			name = Products;
			sourceTree = "<group>";
		};
		9699BA3C24DD157000671DE5 /* LessonApp */ = {
			isa = PBXGroup;
			children = (
				96F80A6024E1238A0019539A /* AdditionalViews */,
				9699BA5124DD15AB00671DE5 /* Views */,
				9699BA3D24DD157000671DE5 /* AppDelegate.swift */,
				9699BA3F24DD157000671DE5 /* SceneDelegate.swift */,
				9699BA4124DD157000671DE5 /* ContentView.swift */,
				9699BA4324DD157500671DE5 /* Assets.xcassets */,
				9699BA4824DD157500671DE5 /* LaunchScreen.storyboard */,
				9699BA4B24DD157500671DE5 /* Info.plist */,
				9699BA4524DD157500671DE5 /* Preview Content */,
			);
			path = LessonApp;
			sourceTree = "<group>";
		};
		9699BA4524DD157500671DE5 /* Preview Content */ = {
			isa = PBXGroup;
			children = (
				9699BA4624DD157500671DE5 /* Preview Assets.xcassets */,
			);
			path = "Preview Content";
			sourceTree = "<group>";
		};
		9699BA5124DD15AB00671DE5 /* Views */ = {
			isa = PBXGroup;
			children = (
				9699BA5424DD15EB00671DE5 /* Form-Sections.swift */,
				9699BA5624DD184900671DE5 /* Use-State.swift */,
				9699BA5824DD1B3500671DE5 /* ForEach-Loop.swift */,
				9699BA5A24DD1D1F00671DE5 /* Tip-App.swift */,
				9609633024DDD8A8004B2CDF /* Picker-Selector.swift */,
				9609633224DE625C004B2CDF /* ColorBackground-Gradients.swift */,
				9609633424DE6904004B2CDF /* Custom-Button.swift */,
				9609633624DE6AB9004B2CDF /* Show-Alert.swift */,
				9609633824DE700A004B2CDF /* Images-Layout.swift */,
				9609633A24DEC89A004B2CDF /* SearchTextField.swift */,
				96F80A5624E0FD640019539A /* Background-Colour.swift */,
				96F80A5824E1054D0019539A /* Show-Map.swift */,
				96F80A5A24E108C60019539A /* TabView-MultiplePages.swift */,
				96F80A5E24E110770019539A /* NameList.swift */,
				96BB79F024E3A0970061F60E /* CustomModifiers.swift */,
				96BB79F224E3A4A30061F60E /* Grid-Stack.swift */,
				96C06A9124E52DB5003C131D /* StepperInAction.swift */,
				96C06A9324E53047003C131D /* DatePickerInAction.swift */,
				96C06A9524E64998003C131D /* CustomAppBar.swift */,
			);
			path = Views;
			sourceTree = "<group>";
		};
		96F80A6024E1238A0019539A /* AdditionalViews */ = {
			isa = PBXGroup;
			children = (
				96F80A6124E123CF0019539A /* NameListHistory.swift */,
			);
			path = AdditionalViews;
			sourceTree = "<group>";
		};
/* End PBXGroup section */

/* Begin PBXNativeTarget section */
		9699BA3924DD157000671DE5 /* LessonApp */ = {
			isa = PBXNativeTarget;
			buildConfigurationList = 9699BA4E24DD157500671DE5 /* Build configuration list for PBXNativeTarget "LessonApp" */;
			buildPhases = (
				9699BA3624DD157000671DE5 /* Sources */,
				9699BA3724DD157000671DE5 /* Frameworks */,
				9699BA3824DD157000671DE5 /* Resources */,
			);
			buildRules = (
			);
			dependencies = (
			);
			name = LessonApp;
			productName = LessonApp;
			productReference = 9699BA3A24DD157000671DE5 /* LessonApp.app */;
			productType = "com.apple.product-type.application";
		};
/* End PBXNativeTarget section */

/* Begin PBXProject section */
		9699BA3224DD157000671DE5 /* Project object */ = {
			isa = PBXProject;
			attributes = {
				LastSwiftUpdateCheck = 1160;
				LastUpgradeCheck = 1160;
				ORGANIZATIONNAME = "Krzysztof  Sajdak ";
				TargetAttributes = {
					9699BA3924DD157000671DE5 = {
						CreatedOnToolsVersion = 11.6;
					};
				};
			};
			buildConfigurationList = 9699BA3524DD157000671DE5 /* Build configuration list for PBXProject "LessonApp" */;
			compatibilityVersion = "Xcode 9.3";
			developmentRegion = en;
			hasScannedForEncodings = 0;
			knownRegions = (
				en,
				Base,
			);
			mainGroup = 9699BA3124DD157000671DE5;
			productRefGroup = 9699BA3B24DD157000671DE5 /* Products */;
			projectDirPath = "";
			projectRoot = "";
			targets = (
				9699BA3924DD157000671DE5 /* LessonApp */,
			);
		};
/* End PBXProject section */

/* Begin PBXResourcesBuildPhase section */
		9699BA3824DD157000671DE5 /* Resources */ = {
			isa = PBXResourcesBuildPhase;
			buildActionMask = 2147483647;
			files = (
				9699BA4A24DD157500671DE5 /* LaunchScreen.storyboard in Resources */,
				9699BA4724DD157500671DE5 /* Preview Assets.xcassets in Resources */,
				9699BA4424DD157500671DE5 /* Assets.xcassets in Resources */,
			);
			runOnlyForDeploymentPostprocessing = 0;
		};
/* End PBXResourcesBuildPhase section */

/* Begin PBXSourcesBuildPhase section */
		9699BA3624DD157000671DE5 /* Sources */ = {
			isa = PBXSourcesBuildPhase;
			buildActionMask = 2147483647;
			files = (
				96BB79F324E3A4A30061F60E /* Grid-Stack.swift in Sources */,
				9699BA3E24DD157000671DE5 /* AppDelegate.swift in Sources */,
				96F80A6224E123CF0019539A /* NameListHistory.swift in Sources */,
				96F80A5B24E108C60019539A /* TabView-MultiplePages.swift in Sources */,
				9699BA4024DD157000671DE5 /* SceneDelegate.swift in Sources */,
				9609633524DE6904004B2CDF /* Custom-Button.swift in Sources */,
				9699BA4224DD157000671DE5 /* ContentView.swift in Sources */,
				9699BA5524DD15EB00671DE5 /* Form-Sections.swift in Sources */,
				9609633724DE6AB9004B2CDF /* Show-Alert.swift in Sources */,
				9609633124DDD8A8004B2CDF /* Picker-Selector.swift in Sources */,
				9609633924DE700A004B2CDF /* Images-Layout.swift in Sources */,
				9699BA5B24DD1D1F00671DE5 /* Tip-App.swift in Sources */,
				9699BA5924DD1B3500671DE5 /* ForEach-Loop.swift in Sources */,
				96BB79F124E3A0970061F60E /* CustomModifiers.swift in Sources */,
				96F80A5F24E110770019539A /* NameList.swift in Sources */,
				9609633324DE625C004B2CDF /* ColorBackground-Gradients.swift in Sources */,
				96C06A9624E64998003C131D /* CustomAppBar.swift in Sources */,
				96C06A9424E53047003C131D /* DatePickerInAction.swift in Sources */,
				9699BA5724DD184900671DE5 /* Use-State.swift in Sources */,
				9609633B24DEC89A004B2CDF /* SearchTextField.swift in Sources */,
				96F80A5724E0FD640019539A /* Background-Colour.swift in Sources */,
				96F80A5924E1054D0019539A /* Show-Map.swift in Sources */,
				96C06A9224E52DB6003C131D /* StepperInAction.swift in Sources */,
			);
			runOnlyForDeploymentPostprocessing = 0;
		};
/* End PBXSourcesBuildPhase section */

/* Begin PBXVariantGroup section */
		9699BA4824DD157500671DE5 /* LaunchScreen.storyboard */ = {
			isa = PBXVariantGroup;
			children = (
				9699BA4924DD157500671DE5 /* Base */,
			);
			name = LaunchScreen.storyboard;
			sourceTree = "<group>";
		};
/* End PBXVariantGroup section */

/* Begin XCBuildConfiguration section */
		9699BA4C24DD157500671DE5 /* Debug */ = {
			isa = XCBuildConfiguration;
			buildSettings = {
				ALWAYS_SEARCH_USER_PATHS = NO;
				CLANG_ANALYZER_NONNULL = YES;
				CLANG_ANALYZER_NUMBER_OBJECT_CONVERSION = YES_AGGRESSIVE;
				CLANG_CXX_LANGUAGE_STANDARD = "gnu++14";
				CLANG_CXX_LIBRARY = "libc++";
				CLANG_ENABLE_MODULES = YES;
				CLANG_ENABLE_OBJC_ARC = YES;
				CLANG_ENABLE_OBJC_WEAK = YES;
				CLANG_WARN_BLOCK_CAPTURE_AUTORELEASING = YES;
				CLANG_WARN_BOOL_CONVERSION = YES;
				CLANG_WARN_COMMA = YES;
				CLANG_WARN_CONSTANT_CONVERSION = YES;
				CLANG_WARN_DEPRECATED_OBJC_IMPLEMENTATIONS = YES;
				CLANG_WARN_DIRECT_OBJC_ISA_USAGE = YES_ERROR;
				CLANG_WARN_DOCUMENTATION_COMMENTS = YES;
				CLANG_WARN_EMPTY_BODY = YES;
				CLANG_WARN_ENUM_CONVERSION = YES;
				CLANG_WARN_INFINITE_RECURSION = YES;
				CLANG_WARN_INT_CONVERSION = YES;
				CLANG_WARN_NON_LITERAL_NULL_CONVERSION = YES;
				CLANG_WARN_OBJC_IMPLICIT_RETAIN_SELF = YES;
				CLANG_WARN_OBJC_LITERAL_CONVERSION = YES;
				CLANG_WARN_OBJC_ROOT_CLASS = YES_ERROR;
				CLANG_WARN_RANGE_LOOP_ANALYSIS = YES;
				CLANG_WARN_STRICT_PROTOTYPES = YES;
				CLANG_WARN_SUSPICIOUS_MOVE = YES;
				CLANG_WARN_UNGUARDED_AVAILABILITY = YES_AGGRESSIVE;
				CLANG_WARN_UNREACHABLE_CODE = YES;
				CLANG_WARN__DUPLICATE_METHOD_MATCH = YES;
				COPY_PHASE_STRIP = NO;
				DEBUG_INFORMATION_FORMAT = dwarf;
				ENABLE_STRICT_OBJC_MSGSEND = YES;
				ENABLE_TESTABILITY = YES;
				GCC_C_LANGUAGE_STANDARD = gnu11;
				GCC_DYNAMIC_NO_PIC = NO;
				GCC_NO_COMMON_BLOCKS = YES;
				GCC_OPTIMIZATION_LEVEL = 0;
				GCC_PREPROCESSOR_DEFINITIONS = (
					"DEBUG=1",
					"$(inherited)",
				);
				GCC_WARN_64_TO_32_BIT_CONVERSION = YES;
				GCC_WARN_ABOUT_RETURN_TYPE = YES_ERROR;
				GCC_WARN_UNDECLARED_SELECTOR = YES;
				GCC_WARN_UNINITIALIZED_AUTOS = YES_AGGRESSIVE;
				GCC_WARN_UNUSED_FUNCTION = YES;
				GCC_WARN_UNUSED_VARIABLE = YES;
				IPHONEOS_DEPLOYMENT_TARGET = 13.6;
				MTL_ENABLE_DEBUG_INFO = INCLUDE_SOURCE;
				MTL_FAST_MATH = YES;
				ONLY_ACTIVE_ARCH = YES;
				SDKROOT = iphoneos;
				SWIFT_ACTIVE_COMPILATION_CONDITIONS = DEBUG;
				SWIFT_OPTIMIZATION_LEVEL = "-Onone";
			};
			name = Debug;
		};
		9699BA4D24DD157500671DE5 /* Release */ = {
			isa = XCBuildConfiguration;
			buildSettings = {
				ALWAYS_SEARCH_USER_PATHS = NO;
				CLANG_ANALYZER_NONNULL = YES;
				CLANG_ANALYZER_NUMBER_OBJECT_CONVERSION = YES_AGGRESSIVE;
				CLANG_CXX_LANGUAGE_STANDARD = "gnu++14";
				CLANG_CXX_LIBRARY = "libc++";
				CLANG_ENABLE_MODULES = YES;
				CLANG_ENABLE_OBJC_ARC = YES;
				CLANG_ENABLE_OBJC_WEAK = YES;
				CLANG_WARN_BLOCK_CAPTURE_AUTORELEASING = YES;
				CLANG_WARN_BOOL_CONVERSION = YES;
				CLANG_WARN_COMMA = YES;
				CLANG_WARN_CONSTANT_CONVERSION = YES;
				CLANG_WARN_DEPRECATED_OBJC_IMPLEMENTATIONS = YES;
				CLANG_WARN_DIRECT_OBJC_ISA_USAGE = YES_ERROR;
				CLANG_WARN_DOCUMENTATION_COMMENTS = YES;
				CLANG_WARN_EMPTY_BODY = YES;
				CLANG_WARN_ENUM_CONVERSION = YES;
				CLANG_WARN_INFINITE_RECURSION = YES;
				CLANG_WARN_INT_CONVERSION = YES;
				CLANG_WARN_NON_LITERAL_NULL_CONVERSION = YES;
				CLANG_WARN_OBJC_IMPLICIT_RETAIN_SELF = YES;
				CLANG_WARN_OBJC_LITERAL_CONVERSION = YES;
				CLANG_WARN_OBJC_ROOT_CLASS = YES_ERROR;
				CLANG_WARN_RANGE_LOOP_ANALYSIS = YES;
				CLANG_WARN_STRICT_PROTOTYPES = YES;
				CLANG_WARN_SUSPICIOUS_MOVE = YES;
				CLANG_WARN_UNGUARDED_AVAILABILITY = YES_AGGRESSIVE;
				CLANG_WARN_UNREACHABLE_CODE = YES;
				CLANG_WARN__DUPLICATE_METHOD_MATCH = YES;
				COPY_PHASE_STRIP = NO;
				DEBUG_INFORMATION_FORMAT = "dwarf-with-dsym";
				ENABLE_NS_ASSERTIONS = NO;
				ENABLE_STRICT_OBJC_MSGSEND = YES;
				GCC_C_LANGUAGE_STANDARD = gnu11;
				GCC_NO_COMMON_BLOCKS = YES;
				GCC_WARN_64_TO_32_BIT_CONVERSION = YES;
				GCC_WARN_ABOUT_RETURN_TYPE = YES_ERROR;
				GCC_WARN_UNDECLARED_SELECTOR = YES;
				GCC_WARN_UNINITIALIZED_AUTOS = YES_AGGRESSIVE;
				GCC_WARN_UNUSED_FUNCTION = YES;
				GCC_WARN_UNUSED_VARIABLE = YES;
				IPHONEOS_DEPLOYMENT_TARGET = 13.6;
				MTL_ENABLE_DEBUG_INFO = NO;
				MTL_FAST_MATH = YES;
				SDKROOT = iphoneos;
				SWIFT_COMPILATION_MODE = wholemodule;
				SWIFT_OPTIMIZATION_LEVEL = "-O";
				VALIDATE_PRODUCT = YES;
			};
			name = Release;
		};
		9699BA4F24DD157500671DE5 /* Debug */ = {
			isa = XCBuildConfiguration;
			buildSettings = {
				ASSETCATALOG_COMPILER_APPICON_NAME = AppIcon;
				CODE_SIGN_STYLE = Automatic;
				DEVELOPMENT_ASSET_PATHS = "\"LessonApp/Preview Content\"";
				DEVELOPMENT_TEAM = 4UA559SGT2;
				ENABLE_PREVIEWS = YES;
				INFOPLIST_FILE = LessonApp/Info.plist;
				LD_RUNPATH_SEARCH_PATHS = (
					"$(inherited)",
					"@executable_path/Frameworks",
				);
				PRODUCT_BUNDLE_IDENTIFIER = krzysztofsajdak.com.LessonApp;
				PRODUCT_NAME = "$(TARGET_NAME)";
				SWIFT_VERSION = 5.0;
				TARGETED_DEVICE_FAMILY = "1,2";
			};
			name = Debug;
		};
		9699BA5024DD157500671DE5 /* Release */ = {
			isa = XCBuildConfiguration;
			buildSettings = {
				ASSETCATALOG_COMPILER_APPICON_NAME = AppIcon;
				CODE_SIGN_STYLE = Automatic;
				DEVELOPMENT_ASSET_PATHS = "\"LessonApp/Preview Content\"";
				DEVELOPMENT_TEAM = 4UA559SGT2;
				ENABLE_PREVIEWS = YES;
				INFOPLIST_FILE = LessonApp/Info.plist;
				LD_RUNPATH_SEARCH_PATHS = (
					"$(inherited)",
					"@executable_path/Frameworks",
				);
				PRODUCT_BUNDLE_IDENTIFIER = krzysztofsajdak.com.LessonApp;
				PRODUCT_NAME = "$(TARGET_NAME)";
				SWIFT_VERSION = 5.0;
				TARGETED_DEVICE_FAMILY = "1,2";
			};
			name = Release;
		};
/* End XCBuildConfiguration section */

/* Begin XCConfigurationList section */
		9699BA3524DD157000671DE5 /* Build configuration list for PBXProject "LessonApp" */ = {
			isa = XCConfigurationList;
			buildConfigurations = (
				9699BA4C24DD157500671DE5 /* Debug */,
				9699BA4D24DD157500671DE5 /* Release */,
			);
			defaultConfigurationIsVisible = 0;
			defaultConfigurationName = Release;
		};
		9699BA4E24DD157500671DE5 /* Build configuration list for PBXNativeTarget "LessonApp" */ = {
			isa = XCConfigurationList;
			buildConfigurations = (
				9699BA4F24DD157500671DE5 /* Debug */,
				9699BA5024DD157500671DE5 /* Release */,
			);
			defaultConfigurationIsVisible = 0;
			defaultConfigurationName = Release;
		};
/* End XCConfigurationList section */
	};
	rootObject = 9699BA3224DD157000671DE5 /* Project object */;
}
